
Microsoft Visual Studio Solution File, Format Version 12.00
# Visual Studio Version 16
VisualStudioVersion = 16.0.30114.105
MinimumVisualStudioVersion = 10.0.40219.1
Project("{FAE04EC0-301F-11D3-BF4B-00C04F79EFBC}") = "API", "API\API.csproj", "{C358FF90-7584-4BAE-8C58-E786CF4EF09F}"
EndProject
Project("{FAE04EC0-301F-11D3-BF4B-00C04F79EFBC}") = "Application", "Application\Application.csproj", "{30B2472C-101A-4671-BF3F-76D4E5FFBC29}"
EndProject
Project("{FAE04EC0-301F-11D3-BF4B-00C04F79EFBC}") = "Domain", "Domain\Domain.csproj", "{2B81392C-F01D-4F5E-87C6-D8D045C6ED83}"
EndProject
Project("{FAE04EC0-301F-11D3-BF4B-00C04F79EFBC}") = "Persistence", "Persistence\Persistence.csproj", "{683BBEAB-F458-4C0E-9E43-028F068A3A8B}"
EndProject
Global
	GlobalSection(SolutionConfigurationPlatforms) = preSolution
		Debug|Any CPU = Debug|Any CPU
		Release|Any CPU = Release|Any CPU
	EndGlobalSection
	GlobalSection(SolutionProperties) = preSolution
		HideSolutionNode = FALSE
	EndGlobalSection
	GlobalSection(ProjectConfigurationPlatforms) = postSolution
		{C358FF90-7584-4BAE-8C58-E786CF4EF09F}.Debug|Any CPU.ActiveCfg = Debug|Any CPU
		{C358FF90-7584-4BAE-8C58-E786CF4EF09F}.Debug|Any CPU.Build.0 = Debug|Any CPU
		{C358FF90-7584-4BAE-8C58-E786CF4EF09F}.Release|Any CPU.ActiveCfg = Release|Any CPU
		{C358FF90-7584-4BAE-8C58-E786CF4EF09F}.Release|Any CPU.Build.0 = Release|Any CPU
		{30B2472C-101A-4671-BF3F-76D4E5FFBC29}.Debug|Any CPU.ActiveCfg = Debug|Any CPU
		{30B2472C-101A-4671-BF3F-76D4E5FFBC29}.Debug|Any CPU.Build.0 = Debug|Any CPU
		{30B2472C-101A-4671-BF3F-76D4E5FFBC29}.Release|Any CPU.ActiveCfg = Release|Any CPU
		{30B2472C-101A-4671-BF3F-76D4E5FFBC29}.Release|Any CPU.Build.0 = Release|Any CPU
		{2B81392C-F01D-4F5E-87C6-D8D045C6ED83}.Debug|Any CPU.ActiveCfg = Debug|Any CPU
		{2B81392C-F01D-4F5E-87C6-D8D045C6ED83}.Debug|Any CPU.Build.0 = Debug|Any CPU
		{2B81392C-F01D-4F5E-87C6-D8D045C6ED83}.Release|Any CPU.ActiveCfg = Release|Any CPU
		{2B81392C-F01D-4F5E-87C6-D8D045C6ED83}.Release|Any CPU.Build.0 = Release|Any CPU
		{683BBEAB-F458-4C0E-9E43-028F068A3A8B}.Debug|Any CPU.ActiveCfg = Debug|Any CPU
		{683BBEAB-F458-4C0E-9E43-028F068A3A8B}.Debug|Any CPU.Build.0 = Debug|Any CPU
		{683BBEAB-F458-4C0E-9E43-028F068A3A8B}.Release|Any CPU.ActiveCfg = Release|Any CPU
		{683BBEAB-F458-4C0E-9E43-028F068A3A8B}.Release|Any CPU.Build.0 = Release|Any CPU
	EndGlobalSection
EndGlobal
